
Microsoft Visual Studio Solution File, Format Version 11.00
# Visual Studio 2010
Project("{8BC9CEB8-8B4A-11D0-8D11-00A0C91BC942}") = "Numberproblems", "Numberproblems\Numberproblems.vcxproj", "{5E15BCC0-BF02-4985-869C-30B06B4A9ABA}"
EndProject
Global
	GlobalSection(SolutionConfigurationPlatforms) = preSolution
		Debug|Win32 = Debug|Win32
		Release|Win32 = Release|Win32
	EndGlobalSection
	GlobalSection(ProjectConfigurationPlatforms) = postSolution
		{5E15BCC0-BF02-4985-869C-30B06B4A9ABA}.Debug|Win32.ActiveCfg = Debug|Win32
		{5E15BCC0-BF02-4985-869C-30B06B4A9ABA}.Debug|Win32.Build.0 = Debug|Win32
		{5E15BCC0-BF02-4985-869C-30B06B4A9ABA}.Release|Win32.ActiveCfg = Release|Win32
		{5E15BCC0-BF02-4985-869C-30B06B4A9ABA}.Release|Win32.Build.0 = Release|Win32
	EndGlobalSection
	GlobalSection(SolutionProperties) = preSolution
		HideSolutionNode = FALSE
	EndGlobalSection
EndGlobal
